
Microsoft Visual Studio Solution File, Format Version 12.00
# Visual Studio Version 17
VisualStudioVersion = 17.9.34714.143
MinimumVisualStudioVersion = 10.0.40219.1
Project("{9A19103F-16F7-4668-BE54-9A1E7A4F7556}") = "Morph.WinForms", "Morph.WinForms\Morph.WinForms.csproj", "{D7578427-E6EF-4745-845F-3592A5B1909B}"
EndProject
Project("{6EC3EE1D-3C4E-46DD-8F32-0CC8E7565705}") = "Morph.GameState", "Morph.GameState\Morph.GameState.fsproj", "{6442B699-0EAC-4A1E-B5A7-A7D142FB5B5B}"
EndProject
Project("{2150E333-8FDC-42A3-9474-1A3956D46DE8}") = "Solution Items", "Solution Items", "{7C8453EE-DF36-4CC1-A185-124D4735A784}"
	ProjectSection(SolutionItems) = preProject
		.gitignore = .gitignore
		COPYING = COPYING
	EndProjectSection
EndProject
Project("{FAE04EC0-301F-11D3-BF4B-00C04F79EFBC}") = "Morph.Blazor", "Morph.Blazor\Morph.Blazor.csproj", "{D7E0837C-D320-4AD3-82C0-25E28F899E87}"
EndProject
Project("{FAE04EC0-301F-11D3-BF4B-00C04F79EFBC}") = "Morph.GameStateManagement", "Morph.GameStateManagement\Morph.GameStateManagement.csproj", "{4E342CE0-450F-4832-AC1D-B17805680806}"
EndProject
Global
	GlobalSection(SolutionConfigurationPlatforms) = preSolution
		Debug|Any CPU = Debug|Any CPU
		Release|Any CPU = Release|Any CPU
	EndGlobalSection
	GlobalSection(ProjectConfigurationPlatforms) = postSolution
		{D7578427-E6EF-4745-845F-3592A5B1909B}.Debug|Any CPU.ActiveCfg = Debug|Any CPU
		{D7578427-E6EF-4745-845F-3592A5B1909B}.Debug|Any CPU.Build.0 = Debug|Any CPU
		{D7578427-E6EF-4745-845F-3592A5B1909B}.Release|Any CPU.ActiveCfg = Release|Any CPU
		{D7578427-E6EF-4745-845F-3592A5B1909B}.Release|Any CPU.Build.0 = Release|Any CPU
		{6442B699-0EAC-4A1E-B5A7-A7D142FB5B5B}.Debug|Any CPU.ActiveCfg = Debug|Any CPU
		{6442B699-0EAC-4A1E-B5A7-A7D142FB5B5B}.Debug|Any CPU.Build.0 = Debug|Any CPU
		{6442B699-0EAC-4A1E-B5A7-A7D142FB5B5B}.Release|Any CPU.ActiveCfg = Release|Any CPU
		{6442B699-0EAC-4A1E-B5A7-A7D142FB5B5B}.Release|Any CPU.Build.0 = Release|Any CPU
		{D7E0837C-D320-4AD3-82C0-25E28F899E87}.Debug|Any CPU.ActiveCfg = Debug|Any CPU
		{D7E0837C-D320-4AD3-82C0-25E28F899E87}.Debug|Any CPU.Build.0 = Debug|Any CPU
		{D7E0837C-D320-4AD3-82C0-25E28F899E87}.Release|Any CPU.ActiveCfg = Release|Any CPU
		{D7E0837C-D320-4AD3-82C0-25E28F899E87}.Release|Any CPU.Build.0 = Release|Any CPU
		{4E342CE0-450F-4832-AC1D-B17805680806}.Debug|Any CPU.ActiveCfg = Debug|Any CPU
		{4E342CE0-450F-4832-AC1D-B17805680806}.Debug|Any CPU.Build.0 = Debug|Any CPU
		{4E342CE0-450F-4832-AC1D-B17805680806}.Release|Any CPU.ActiveCfg = Release|Any CPU
		{4E342CE0-450F-4832-AC1D-B17805680806}.Release|Any CPU.Build.0 = Release|Any CPU
	EndGlobalSection
	GlobalSection(SolutionProperties) = preSolution
		HideSolutionNode = FALSE
	EndGlobalSection
	GlobalSection(ExtensibilityGlobals) = postSolution
		SolutionGuid = {24DB5CDC-DBA2-4D7C-896D-4FC8A6421731}
	EndGlobalSection
EndGlobal
